# This file is automatically @generated by Cargo.
# It is not intended for manual editing.
version = 3

[[package]]
name = "argi"
version = "0.1.0-beta.5"
source = "registry+https://github.com/rust-lang/crates.io-index"
checksum = "596e1a9c06e9b00427250f5785558bdc55a357ee1bac8ebe429cf9dd127f0244"

[[package]]
name = "besend"
version = "0.1.0"

[[package]]
name = "besend-api"
version = "0.1.0"

[[package]]
name = "besend-cli"
version = "0.1.0"
dependencies = [
 "argi",
 "besend",
]
